
Microsoft Visual Studio Solution File, Format Version 12.00
# Visual Studio Version 17
VisualStudioVersion = 17.12.35707.178 d17.12
MinimumVisualStudioVersion = 10.0.40219.1
Project("{FAE04EC0-301F-11D3-BF4B-00C04F79EFBC}") = "Design-Patterns-Dotnet", "Design-Patterns-Dotnet\Design-Patterns-Dotnet.csproj", "{41044B2D-3B63-423A-A45D-2E89227D854B}"
EndProject
Project("{FAE04EC0-301F-11D3-BF4B-00C04F79EFBC}") = "ConsoleApp", "ConsoleApp\ConsoleApp.csproj", "{FE857C36-2A3A-4543-9B05-E383717D12E5}"
EndProject
Global
	GlobalSection(SolutionConfigurationPlatforms) = preSolution
		Debug|Any CPU = Debug|Any CPU
		Release|Any CPU = Release|Any CPU
	EndGlobalSection
	GlobalSection(ProjectConfigurationPlatforms) = postSolution
		{41044B2D-3B63-423A-A45D-2E89227D854B}.Debug|Any CPU.ActiveCfg = Debug|Any CPU
		{41044B2D-3B63-423A-A45D-2E89227D854B}.Debug|Any CPU.Build.0 = Debug|Any CPU
		{41044B2D-3B63-423A-A45D-2E89227D854B}.Release|Any CPU.ActiveCfg = Release|Any CPU
		{41044B2D-3B63-423A-A45D-2E89227D854B}.Release|Any CPU.Build.0 = Release|Any CPU
		{FE857C36-2A3A-4543-9B05-E383717D12E5}.Debug|Any CPU.ActiveCfg = Debug|Any CPU
		{FE857C36-2A3A-4543-9B05-E383717D12E5}.Debug|Any CPU.Build.0 = Debug|Any CPU
		{FE857C36-2A3A-4543-9B05-E383717D12E5}.Release|Any CPU.ActiveCfg = Release|Any CPU
		{FE857C36-2A3A-4543-9B05-E383717D12E5}.Release|Any CPU.Build.0 = Release|Any CPU
	EndGlobalSection
	GlobalSection(SolutionProperties) = preSolution
		HideSolutionNode = FALSE
	EndGlobalSection
EndGlobal
